
Microsoft Visual Studio Solution File, Format Version 12.00
# Visual Studio 15
VisualStudioVersion = 15.0.28010.2016
MinimumVisualStudioVersion = 10.0.40219.1
Project("{9A19103F-16F7-4668-BE54-9A1E7A4F7556}") = "Sander.KeyVaultCache", "Sander.KeyVaultCache\Sander.KeyVaultCache.csproj", "{E44EF401-69D3-41E7-B519-84A0A30ED4B4}"
EndProject
Project("{2150E333-8FDC-42A3-9474-1A3956D46DE8}") = "Test", "Test", "{1B71A931-A2D4-4066-B886-633C256B72C5}"
EndProject
Project("{FAE04EC0-301F-11D3-BF4B-00C04F79EFBC}") = "Sander.KeyVaultCache.Test", "Test\Sander.KeyVaultCache.Test\Sander.KeyVaultCache.Test.csproj", "{AA92E753-4A02-4DA8-A822-3DE8B433EAEC}"
EndProject
Project("{2150E333-8FDC-42A3-9474-1A3956D46DE8}") = "Solution Items", "Solution Items", "{6903DE06-4DA1-4A4F-B3F5-FC39B4851113}"
	ProjectSection(SolutionItems) = preProject
		readme.md = readme.md
	EndProjectSection
EndProject
Global
	GlobalSection(SolutionConfigurationPlatforms) = preSolution
		Debug|Any CPU = Debug|Any CPU
		Release|Any CPU = Release|Any CPU
	EndGlobalSection
	GlobalSection(ProjectConfigurationPlatforms) = postSolution
		{E44EF401-69D3-41E7-B519-84A0A30ED4B4}.Debug|Any CPU.ActiveCfg = Debug|Any CPU
		{E44EF401-69D3-41E7-B519-84A0A30ED4B4}.Debug|Any CPU.Build.0 = Debug|Any CPU
		{E44EF401-69D3-41E7-B519-84A0A30ED4B4}.Release|Any CPU.ActiveCfg = Release|Any CPU
		{E44EF401-69D3-41E7-B519-84A0A30ED4B4}.Release|Any CPU.Build.0 = Release|Any CPU
		{AA92E753-4A02-4DA8-A822-3DE8B433EAEC}.Debug|Any CPU.ActiveCfg = Debug|Any CPU
		{AA92E753-4A02-4DA8-A822-3DE8B433EAEC}.Debug|Any CPU.Build.0 = Debug|Any CPU
		{AA92E753-4A02-4DA8-A822-3DE8B433EAEC}.Release|Any CPU.ActiveCfg = Release|Any CPU
		{AA92E753-4A02-4DA8-A822-3DE8B433EAEC}.Release|Any CPU.Build.0 = Release|Any CPU
	EndGlobalSection
	GlobalSection(SolutionProperties) = preSolution
		HideSolutionNode = FALSE
	EndGlobalSection
	GlobalSection(NestedProjects) = preSolution
		{AA92E753-4A02-4DA8-A822-3DE8B433EAEC} = {1B71A931-A2D4-4066-B886-633C256B72C5}
	EndGlobalSection
	GlobalSection(ExtensibilityGlobals) = postSolution
		SolutionGuid = {C54769E3-CDC6-4171-B1B2-BB68D7DDAC26}
	EndGlobalSection
EndGlobal
